
Microsoft Visual Studio Solution File, Format Version 12.00
# Visual Studio Version 16
VisualStudioVersion = 16.0.30413.136
MinimumVisualStudioVersion = 10.0.40219.1
Project("{FAE04EC0-301F-11D3-BF4B-00C04F79EFBC}") = "InlineSvgPicker.web", "InlineSvgPicker\InlineSvgPicker.web.csproj", "{8BB14EB3-188C-4D75-B4DB-EBDFC2D53BA4}"
EndProject
Project("{FAE04EC0-301F-11D3-BF4B-00C04F79EFBC}") = "InlineSvgPickerPackage", "InlineSvgPickerPackage\InlineSvgPickerPackage.csproj", "{CA9CC615-F97B-4CEF-9A2A-AA8CF65184C7}"
EndProject
Global
	GlobalSection(SolutionConfigurationPlatforms) = preSolution
		Debug|Any CPU = Debug|Any CPU
		Release|Any CPU = Release|Any CPU
	EndGlobalSection
	GlobalSection(ProjectConfigurationPlatforms) = postSolution
		{8BB14EB3-188C-4D75-B4DB-EBDFC2D53BA4}.Debug|Any CPU.ActiveCfg = Debug|Any CPU
		{8BB14EB3-188C-4D75-B4DB-EBDFC2D53BA4}.Debug|Any CPU.Build.0 = Debug|Any CPU
		{8BB14EB3-188C-4D75-B4DB-EBDFC2D53BA4}.Release|Any CPU.ActiveCfg = Release|Any CPU
		{8BB14EB3-188C-4D75-B4DB-EBDFC2D53BA4}.Release|Any CPU.Build.0 = Release|Any CPU
		{CA9CC615-F97B-4CEF-9A2A-AA8CF65184C7}.Debug|Any CPU.ActiveCfg = Debug|Any CPU
		{CA9CC615-F97B-4CEF-9A2A-AA8CF65184C7}.Debug|Any CPU.Build.0 = Debug|Any CPU
		{CA9CC615-F97B-4CEF-9A2A-AA8CF65184C7}.Release|Any CPU.ActiveCfg = Release|Any CPU
		{CA9CC615-F97B-4CEF-9A2A-AA8CF65184C7}.Release|Any CPU.Build.0 = Release|Any CPU
	EndGlobalSection
	GlobalSection(SolutionProperties) = preSolution
		HideSolutionNode = FALSE
	EndGlobalSection
	GlobalSection(ExtensibilityGlobals) = postSolution
		SolutionGuid = {24F48C49-0D40-49D9-9EB3-ADE6D8805700}
	EndGlobalSection
EndGlobal
